// !$*UTF8*$!
{
	archiveVersion = 1;
	classes = {
	};
	objectVersion = 51;
	objects = {

/* Begin PBXBuildFile section */
		781B6016C5F5C302011478AB /* Pods_TamboonTests.framework in Frameworks */ = {isa = PBXBuildFile; fileRef = ED550D12CFFD2D328D6FE3FF /* Pods_TamboonTests.framework */; };
		942A7A1725D63F7E00CC97F2 /* AppDelegate.swift in Sources */ = {isa = PBXBuildFile; fileRef = 942A7A1625D63F7E00CC97F2 /* AppDelegate.swift */; };
		942A7A1925D63F7E00CC97F2 /* SceneDelegate.swift in Sources */ = {isa = PBXBuildFile; fileRef = 942A7A1825D63F7E00CC97F2 /* SceneDelegate.swift */; };
		942A7A1E25D63F7E00CC97F2 /* Main.storyboard in Resources */ = {isa = PBXBuildFile; fileRef = 942A7A1C25D63F7E00CC97F2 /* Main.storyboard */; };
		942A7A2025D63F8100CC97F2 /* Assets.xcassets in Resources */ = {isa = PBXBuildFile; fileRef = 942A7A1F25D63F8100CC97F2 /* Assets.xcassets */; };
		942A7A2325D63F8100CC97F2 /* LaunchScreen.storyboard in Resources */ = {isa = PBXBuildFile; fileRef = 942A7A2125D63F8100CC97F2 /* LaunchScreen.storyboard */; };
		942A7A3925D63F8100CC97F2 /* TamboonUITests.swift in Sources */ = {isa = PBXBuildFile; fileRef = 942A7A3825D63F8100CC97F2 /* TamboonUITests.swift */; };
		942A7A9225D6412A00CC97F2 /* Constant.swift in Sources */ = {isa = PBXBuildFile; fileRef = 942A7A6025D6412A00CC97F2 /* Constant.swift */; };
		942A7A9C25D6412A00CC97F2 /* UITextView+.swift in Sources */ = {isa = PBXBuildFile; fileRef = 942A7A6C25D6412A00CC97F2 /* UITextView+.swift */; };
		942A7A9D25D6412A00CC97F2 /* UIView+.swift in Sources */ = {isa = PBXBuildFile; fileRef = 942A7A6D25D6412A00CC97F2 /* UIView+.swift */; };
		942A7AA025D6412B00CC97F2 /* UIVIewController+.swift in Sources */ = {isa = PBXBuildFile; fileRef = 942A7A7025D6412A00CC97F2 /* UIVIewController+.swift */; };
		942A7AA125D6412B00CC97F2 /* UILabel+.swift in Sources */ = {isa = PBXBuildFile; fileRef = 942A7A7125D6412A00CC97F2 /* UILabel+.swift */; };
		942A7AA225D6412B00CC97F2 /* Encodable+Dictionary.swift in Sources */ = {isa = PBXBuildFile; fileRef = 942A7A7225D6412A00CC97F2 /* Encodable+Dictionary.swift */; };
		942A7AA325D6412B00CC97F2 /* UIButton+.swift in Sources */ = {isa = PBXBuildFile; fileRef = 942A7A7325D6412A00CC97F2 /* UIButton+.swift */; };
		942A7AA525D6412B00CC97F2 /* UITextField+.swift in Sources */ = {isa = PBXBuildFile; fileRef = 942A7A7525D6412A00CC97F2 /* UITextField+.swift */; };
		942A7AA825D6412B00CC97F2 /* UIColor+.swift in Sources */ = {isa = PBXBuildFile; fileRef = 942A7A7825D6412A00CC97F2 /* UIColor+.swift */; };
		942A7AB125D6412B00CC97F2 /* ServiceManager.swift in Sources */ = {isa = PBXBuildFile; fileRef = 942A7A8225D6412A00CC97F2 /* ServiceManager.swift */; };
		942A7AB225D6412B00CC97F2 /* Display+.swift in Sources */ = {isa = PBXBuildFile; fileRef = 942A7A8325D6412A00CC97F2 /* Display+.swift */; };
		942A7AB525D6412B00CC97F2 /* Utility.swift in Sources */ = {isa = PBXBuildFile; fileRef = 942A7A8625D6412A00CC97F2 /* Utility.swift */; };
		942A7AB625D6412B00CC97F2 /* mesmerize-bd.ttf in Resources */ = {isa = PBXBuildFile; fileRef = 942A7A8825D6412A00CC97F2 /* mesmerize-bd.ttf */; };
		942A7AB725D6412B00CC97F2 /* mesmerize-rg.ttf in Resources */ = {isa = PBXBuildFile; fileRef = 942A7A8925D6412A00CC97F2 /* mesmerize-rg.ttf */; };
		942A7AB825D6412B00CC97F2 /* mesmerize-lt.ttf in Resources */ = {isa = PBXBuildFile; fileRef = 942A7A8A25D6412A00CC97F2 /* mesmerize-lt.ttf */; };
		942A7AB925D6412B00CC97F2 /* heavy_dock11.otf in Resources */ = {isa = PBXBuildFile; fileRef = 942A7A8B25D6412A00CC97F2 /* heavy_dock11.otf */; };
		942A7ABA25D6412B00CC97F2 /* AppPrefsManager.swift in Sources */ = {isa = PBXBuildFile; fileRef = 942A7A8C25D6412A00CC97F2 /* AppPrefsManager.swift */; };
		942A7ABC25D6412B00CC97F2 /* SHSnackBarView.swift in Sources */ = {isa = PBXBuildFile; fileRef = 942A7A9025D6412A00CC97F2 /* SHSnackBarView.swift */; };
		942A7B4325D6957100CC97F2 /* CharitiesVC.swift in Sources */ = {isa = PBXBuildFile; fileRef = 942A7B4225D6957100CC97F2 /* CharitiesVC.swift */; };
		942A7B4825D6959400CC97F2 /* CharitiesViewModel.swift in Sources */ = {isa = PBXBuildFile; fileRef = 942A7B4725D6959400CC97F2 /* CharitiesViewModel.swift */; };
		942A7B4D25D695EE00CC97F2 /* CharityModel.swift in Sources */ = {isa = PBXBuildFile; fileRef = 942A7B4C25D695EE00CC97F2 /* CharityModel.swift */; };
		942A7B8B25D69DE600CC97F2 /* CharityCell.swift in Sources */ = {isa = PBXBuildFile; fileRef = 942A7B8A25D69DE600CC97F2 /* CharityCell.swift */; };
		942A7BAE25D6A59600CC97F2 /* CharityPaymentVC.swift in Sources */ = {isa = PBXBuildFile; fileRef = 942A7BAD25D6A59600CC97F2 /* CharityPaymentVC.swift */; };
		94B5E7EC25D838D400663ACA /* CharityTest.swift in Sources */ = {isa = PBXBuildFile; fileRef = 94B5E7EB25D838D400663ACA /* CharityTest.swift */; };
		94B5E7F125D83A3E00663ACA /* CharityPaymentTest.swift in Sources */ = {isa = PBXBuildFile; fileRef = 94B5E7F025D83A3E00663ACA /* CharityPaymentTest.swift */; };
		94B5E85825D97CDA00663ACA /* Reachability.swift in Sources */ = {isa = PBXBuildFile; fileRef = 94B5E85725D97CDA00663ACA /* Reachability.swift */; };
		94E05D0A25D79C670093D628 /* CharityPaymentViewModel.swift in Sources */ = {isa = PBXBuildFile; fileRef = 94E05CFF25D79BC20093D628 /* CharityPaymentViewModel.swift */; };
		94E05D2F25D7C8E10093D628 /* CharityPaymentModel.swift in Sources */ = {isa = PBXBuildFile; fileRef = 94E05D2E25D7C8E10093D628 /* CharityPaymentModel.swift */; };
		94E05D3725D7D5A10093D628 /* TransactionResultVC.swift in Sources */ = {isa = PBXBuildFile; fileRef = 94E05D3625D7D5A10093D628 /* TransactionResultVC.swift */; };
		BA16656399F130B81386A3DD /* Pods_Tamboon.framework in Frameworks */ = {isa = PBXBuildFile; fileRef = 80D76190BB56215D44EEB5F5 /* Pods_Tamboon.framework */; };
		EF458740A3ACE1DC8204974B /* Pods_Tamboon_TamboonUITests.framework in Frameworks */ = {isa = PBXBuildFile; fileRef = 6F49C5F18FC4D1BE749B3B3B /* Pods_Tamboon_TamboonUITests.framework */; };
/* End PBXBuildFile section */

/* Begin PBXContainerItemProxy section */
		942A7A2A25D63F8100CC97F2 /* PBXContainerItemProxy */ = {
			isa = PBXContainerItemProxy;
			containerPortal = 942A7A0B25D63F7D00CC97F2 /* Project object */;
			proxyType = 1;
			remoteGlobalIDString = 942A7A1225D63F7E00CC97F2;
			remoteInfo = Tamboon;
		};
		942A7A3525D63F8100CC97F2 /* PBXContainerItemProxy */ = {
			isa = PBXContainerItemProxy;
			containerPortal = 942A7A0B25D63F7D00CC97F2 /* Project object */;
			proxyType = 1;
			remoteGlobalIDString = 942A7A1225D63F7E00CC97F2;
			remoteInfo = Tamboon;
		};
/* End PBXContainerItemProxy section */

/* Begin PBXFileReference section */
		056CBEB0012DE66F03ED642B /* Pods-TamboonTests.release.xcconfig */ = {isa = PBXFileReference; includeInIndex = 1; lastKnownFileType = text.xcconfig; name = "Pods-TamboonTests.release.xcconfig"; path = "Target Support Files/Pods-TamboonTests/Pods-TamboonTests.release.xcconfig"; sourceTree = "<group>"; };
		0CD3CDD26C692095FCC5F452 /* Pods-Tamboon.release.xcconfig */ = {isa = PBXFileReference; includeInIndex = 1; lastKnownFileType = text.xcconfig; name = "Pods-Tamboon.release.xcconfig"; path = "Target Support Files/Pods-Tamboon/Pods-Tamboon.release.xcconfig"; sourceTree = "<group>"; };
		61C4E7B67993E4CAB9067568 /* Pods-Tamboon-TamboonUITests.release.xcconfig */ = {isa = PBXFileReference; includeInIndex = 1; lastKnownFileType = text.xcconfig; name = "Pods-Tamboon-TamboonUITests.release.xcconfig"; path = "Target Support Files/Pods-Tamboon-TamboonUITests/Pods-Tamboon-TamboonUITests.release.xcconfig"; sourceTree = "<group>"; };
		6F49C5F18FC4D1BE749B3B3B /* Pods_Tamboon_TamboonUITests.framework */ = {isa = PBXFileReference; explicitFileType = wrapper.framework; includeInIndex = 0; path = Pods_Tamboon_TamboonUITests.framework; sourceTree = BUILT_PRODUCTS_DIR; };
		80D76190BB56215D44EEB5F5 /* Pods_Tamboon.framework */ = {isa = PBXFileReference; explicitFileType = wrapper.framework; includeInIndex = 0; path = Pods_Tamboon.framework; sourceTree = BUILT_PRODUCTS_DIR; };
		912DD76BD1151AE838B48E6F /* Pods-TamboonTests.debug.xcconfig */ = {isa = PBXFileReference; includeInIndex = 1; lastKnownFileType = text.xcconfig; name = "Pods-TamboonTests.debug.xcconfig"; path = "Target Support Files/Pods-TamboonTests/Pods-TamboonTests.debug.xcconfig"; sourceTree = "<group>"; };
		942A7A1325D63F7E00CC97F2 /* Tamboon.app */ = {isa = PBXFileReference; explicitFileType = wrapper.application; includeInIndex = 0; path = Tamboon.app; sourceTree = BUILT_PRODUCTS_DIR; };
		942A7A1625D63F7E00CC97F2 /* AppDelegate.swift */ = {isa = PBXFileReference; lastKnownFileType = sourcecode.swift; path = AppDelegate.swift; sourceTree = "<group>"; };
		942A7A1825D63F7E00CC97F2 /* SceneDelegate.swift */ = {isa = PBXFileReference; lastKnownFileType = sourcecode.swift; path = SceneDelegate.swift; sourceTree = "<group>"; };
		942A7A1D25D63F7E00CC97F2 /* Base */ = {isa = PBXFileReference; lastKnownFileType = file.storyboard; name = Base; path = Base.lproj/Main.storyboard; sourceTree = "<group>"; };
		942A7A1F25D63F8100CC97F2 /* Assets.xcassets */ = {isa = PBXFileReference; lastKnownFileType = folder.assetcatalog; path = Assets.xcassets; sourceTree = "<group>"; };
		942A7A2225D63F8100CC97F2 /* Base */ = {isa = PBXFileReference; lastKnownFileType = file.storyboard; name = Base; path = Base.lproj/LaunchScreen.storyboard; sourceTree = "<group>"; };
		942A7A2425D63F8100CC97F2 /* Info.plist */ = {isa = PBXFileReference; lastKnownFileType = text.plist.xml; path = Info.plist; sourceTree = "<group>"; };
		942A7A2925D63F8100CC97F2 /* TamboonTests.xctest */ = {isa = PBXFileReference; explicitFileType = wrapper.cfbundle; includeInIndex = 0; path = TamboonTests.xctest; sourceTree = BUILT_PRODUCTS_DIR; };
		942A7A2F25D63F8100CC97F2 /* Info.plist */ = {isa = PBXFileReference; lastKnownFileType = text.plist.xml; path = Info.plist; sourceTree = "<group>"; };
		942A7A3425D63F8100CC97F2 /* TamboonUITests.xctest */ = {isa = PBXFileReference; explicitFileType = wrapper.cfbundle; includeInIndex = 0; path = TamboonUITests.xctest; sourceTree = BUILT_PRODUCTS_DIR; };
		942A7A3825D63F8100CC97F2 /* TamboonUITests.swift */ = {isa = PBXFileReference; lastKnownFileType = sourcecode.swift; path = TamboonUITests.swift; sourceTree = "<group>"; };
		942A7A3A25D63F8100CC97F2 /* Info.plist */ = {isa = PBXFileReference; lastKnownFileType = text.plist.xml; path = Info.plist; sourceTree = "<group>"; };
		942A7A6025D6412A00CC97F2 /* Constant.swift */ = {isa = PBXFileReference; fileEncoding = 4; lastKnownFileType = sourcecode.swift; path = Constant.swift; sourceTree = "<group>"; };
		942A7A6C25D6412A00CC97F2 /* UITextView+.swift */ = {isa = PBXFileReference; fileEncoding = 4; lastKnownFileType = sourcecode.swift; path = "UITextView+.swift"; sourceTree = "<group>"; };
		942A7A6D25D6412A00CC97F2 /* UIView+.swift */ = {isa = PBXFileReference; fileEncoding = 4; lastKnownFileType = sourcecode.swift; path = "UIView+.swift"; sourceTree = "<group>"; };
		942A7A7025D6412A00CC97F2 /* UIVIewController+.swift */ = {isa = PBXFileReference; fileEncoding = 4; lastKnownFileType = sourcecode.swift; path = "UIVIewController+.swift"; sourceTree = "<group>"; };
		942A7A7125D6412A00CC97F2 /* UILabel+.swift */ = {isa = PBXFileReference; fileEncoding = 4; lastKnownFileType = sourcecode.swift; path = "UILabel+.swift"; sourceTree = "<group>"; };
		942A7A7225D6412A00CC97F2 /* Encodable+Dictionary.swift */ = {isa = PBXFileReference; fileEncoding = 4; lastKnownFileType = sourcecode.swift; path = "Encodable+Dictionary.swift"; sourceTree = "<group>"; };
		942A7A7325D6412A00CC97F2 /* UIButton+.swift */ = {isa = PBXFileReference; fileEncoding = 4; lastKnownFileType = sourcecode.swift; path = "UIButton+.swift"; sourceTree = "<group>"; };
		942A7A7525D6412A00CC97F2 /* UITextField+.swift */ = {isa = PBXFileReference; fileEncoding = 4; lastKnownFileType = sourcecode.swift; path = "UITextField+.swift"; sourceTree = "<group>"; };
		942A7A7825D6412A00CC97F2 /* UIColor+.swift */ = {isa = PBXFileReference; fileEncoding = 4; lastKnownFileType = sourcecode.swift; path = "UIColor+.swift"; sourceTree = "<group>"; };
		942A7A8225D6412A00CC97F2 /* ServiceManager.swift */ = {isa = PBXFileReference; fileEncoding = 4; lastKnownFileType = sourcecode.swift; path = ServiceManager.swift; sourceTree = "<group>"; };
		942A7A8325D6412A00CC97F2 /* Display+.swift */ = {isa = PBXFileReference; fileEncoding = 4; lastKnownFileType = sourcecode.swift; path = "Display+.swift"; sourceTree = "<group>"; };
		942A7A8625D6412A00CC97F2 /* Utility.swift */ = {isa = PBXFileReference; fileEncoding = 4; lastKnownFileType = sourcecode.swift; path = Utility.swift; sourceTree = "<group>"; };
		942A7A8825D6412A00CC97F2 /* mesmerize-bd.ttf */ = {isa = PBXFileReference; lastKnownFileType = file; path = "mesmerize-bd.ttf"; sourceTree = "<group>"; };
		942A7A8925D6412A00CC97F2 /* mesmerize-rg.ttf */ = {isa = PBXFileReference; lastKnownFileType = file; path = "mesmerize-rg.ttf"; sourceTree = "<group>"; };
		942A7A8A25D6412A00CC97F2 /* mesmerize-lt.ttf */ = {isa = PBXFileReference; lastKnownFileType = file; path = "mesmerize-lt.ttf"; sourceTree = "<group>"; };
		942A7A8B25D6412A00CC97F2 /* heavy_dock11.otf */ = {isa = PBXFileReference; lastKnownFileType = file; path = heavy_dock11.otf; sourceTree = "<group>"; };
		942A7A8C25D6412A00CC97F2 /* AppPrefsManager.swift */ = {isa = PBXFileReference; fileEncoding = 4; lastKnownFileType = sourcecode.swift; path = AppPrefsManager.swift; sourceTree = "<group>"; };
		942A7A8E25D6412A00CC97F2 /* SHSnackBarView.h */ = {isa = PBXFileReference; fileEncoding = 4; lastKnownFileType = sourcecode.c.h; path = SHSnackBarView.h; sourceTree = "<group>"; };
		942A7A8F25D6412A00CC97F2 /* Info.plist */ = {isa = PBXFileReference; fileEncoding = 4; lastKnownFileType = text.plist.xml; path = Info.plist; sourceTree = "<group>"; };
		942A7A9025D6412A00CC97F2 /* SHSnackBarView.swift */ = {isa = PBXFileReference; fileEncoding = 4; lastKnownFileType = sourcecode.swift; path = SHSnackBarView.swift; sourceTree = "<group>"; };
		942A7B4225D6957100CC97F2 /* CharitiesVC.swift */ = {isa = PBXFileReference; lastKnownFileType = sourcecode.swift; path = CharitiesVC.swift; sourceTree = "<group>"; };
		942A7B4725D6959400CC97F2 /* CharitiesViewModel.swift */ = {isa = PBXFileReference; lastKnownFileType = sourcecode.swift; path = CharitiesViewModel.swift; sourceTree = "<group>"; };
		942A7B4C25D695EE00CC97F2 /* CharityModel.swift */ = {isa = PBXFileReference; lastKnownFileType = sourcecode.swift; path = CharityModel.swift; sourceTree = "<group>"; };
		942A7B8A25D69DE600CC97F2 /* CharityCell.swift */ = {isa = PBXFileReference; lastKnownFileType = sourcecode.swift; path = CharityCell.swift; sourceTree = "<group>"; };
		942A7BAD25D6A59600CC97F2 /* CharityPaymentVC.swift */ = {isa = PBXFileReference; lastKnownFileType = sourcecode.swift; path = CharityPaymentVC.swift; sourceTree = "<group>"; };
		94B5E7EB25D838D400663ACA /* CharityTest.swift */ = {isa = PBXFileReference; lastKnownFileType = sourcecode.swift; path = CharityTest.swift; sourceTree = "<group>"; };
		94B5E7F025D83A3E00663ACA /* CharityPaymentTest.swift */ = {isa = PBXFileReference; lastKnownFileType = sourcecode.swift; path = CharityPaymentTest.swift; sourceTree = "<group>"; };
		94B5E85725D97CDA00663ACA /* Reachability.swift */ = {isa = PBXFileReference; fileEncoding = 4; lastKnownFileType = sourcecode.swift; path = Reachability.swift; sourceTree = "<group>"; };
		94E05CFF25D79BC20093D628 /* CharityPaymentViewModel.swift */ = {isa = PBXFileReference; lastKnownFileType = sourcecode.swift; path = CharityPaymentViewModel.swift; sourceTree = "<group>"; };
		94E05D2E25D7C8E10093D628 /* CharityPaymentModel.swift */ = {isa = PBXFileReference; lastKnownFileType = sourcecode.swift; path = CharityPaymentModel.swift; sourceTree = "<group>"; };
		94E05D3625D7D5A10093D628 /* TransactionResultVC.swift */ = {isa = PBXFileReference; lastKnownFileType = sourcecode.swift; path = TransactionResultVC.swift; sourceTree = "<group>"; };
		9E94BB505C18043A9DEF8096 /* Pods-Tamboon-TamboonUITests.debug.xcconfig */ = {isa = PBXFileReference; includeInIndex = 1; lastKnownFileType = text.xcconfig; name = "Pods-Tamboon-TamboonUITests.debug.xcconfig"; path = "Target Support Files/Pods-Tamboon-TamboonUITests/Pods-Tamboon-TamboonUITests.debug.xcconfig"; sourceTree = "<group>"; };
		ED550D12CFFD2D328D6FE3FF /* Pods_TamboonTests.framework */ = {isa = PBXFileReference; explicitFileType = wrapper.framework; includeInIndex = 0; path = Pods_TamboonTests.framework; sourceTree = BUILT_PRODUCTS_DIR; };
		EE192224033E9F263E57BD0C /* Pods-Tamboon.debug.xcconfig */ = {isa = PBXFileReference; includeInIndex = 1; lastKnownFileType = text.xcconfig; name = "Pods-Tamboon.debug.xcconfig"; path = "Target Support Files/Pods-Tamboon/Pods-Tamboon.debug.xcconfig"; sourceTree = "<group>"; };
/* End PBXFileReference section */

/* Begin PBXFrameworksBuildPhase section */
		942A7A1025D63F7E00CC97F2 /* Frameworks */ = {
			isa = PBXFrameworksBuildPhase;
			buildActionMask = 2147483647;
			files = (
				BA16656399F130B81386A3DD /* Pods_Tamboon.framework in Frameworks */,
			);
			runOnlyForDeploymentPostprocessing = 0;
		};
		942A7A2625D63F8100CC97F2 /* Frameworks */ = {
			isa = PBXFrameworksBuildPhase;
			buildActionMask = 2147483647;
			files = (
				781B6016C5F5C302011478AB /* Pods_TamboonTests.framework in Frameworks */,
			);
			runOnlyForDeploymentPostprocessing = 0;
		};
		942A7A3125D63F8100CC97F2 /* Frameworks */ = {
			isa = PBXFrameworksBuildPhase;
			buildActionMask = 2147483647;
			files = (
				EF458740A3ACE1DC8204974B /* Pods_Tamboon_TamboonUITests.framework in Frameworks */,
			);
			runOnlyForDeploymentPostprocessing = 0;
		};
/* End PBXFrameworksBuildPhase section */

/* Begin PBXGroup section */
		15C9CC91486556FB08DA9833 /* Pods */ = {
			isa = PBXGroup;
			children = (
				EE192224033E9F263E57BD0C /* Pods-Tamboon.debug.xcconfig */,
				0CD3CDD26C692095FCC5F452 /* Pods-Tamboon.release.xcconfig */,
				9E94BB505C18043A9DEF8096 /* Pods-Tamboon-TamboonUITests.debug.xcconfig */,
				61C4E7B67993E4CAB9067568 /* Pods-Tamboon-TamboonUITests.release.xcconfig */,
				912DD76BD1151AE838B48E6F /* Pods-TamboonTests.debug.xcconfig */,
				056CBEB0012DE66F03ED642B /* Pods-TamboonTests.release.xcconfig */,
			);
			path = Pods;
			sourceTree = "<group>";
		};
		942A7A0A25D63F7D00CC97F2 = {
			isa = PBXGroup;
			children = (
				942A7A1525D63F7E00CC97F2 /* Tamboon */,
				942A7A2C25D63F8100CC97F2 /* TamboonTests */,
				942A7A3725D63F8100CC97F2 /* TamboonUITests */,
				942A7A1425D63F7E00CC97F2 /* Products */,
				15C9CC91486556FB08DA9833 /* Pods */,
				AD1E4690578768B9F51B6083 /* Frameworks */,
			);
			sourceTree = "<group>";
		};
		942A7A1425D63F7E00CC97F2 /* Products */ = {
			isa = PBXGroup;
			children = (
				942A7A1325D63F7E00CC97F2 /* Tamboon.app */,
				942A7A2925D63F8100CC97F2 /* TamboonTests.xctest */,
				942A7A3425D63F8100CC97F2 /* TamboonUITests.xctest */,
			);
			name = Products;
			sourceTree = "<group>";
		};
		942A7A1525D63F7E00CC97F2 /* Tamboon */ = {
			isa = PBXGroup;
			children = (
				942A7A5F25D6412A00CC97F2 /* Helper Classes */,
				942A7A4C25D63FE600CC97F2 /* Views */,
				942A7A4B25D63FD400CC97F2 /* ViewModels */,
				942A7A4A25D63FCD00CC97F2 /* Models */,
				942A7A4925D63FC700CC97F2 /* UI */,
				942A7A1625D63F7E00CC97F2 /* AppDelegate.swift */,
				942A7A1825D63F7E00CC97F2 /* SceneDelegate.swift */,
				942A7A2425D63F8100CC97F2 /* Info.plist */,
			);
			path = Tamboon;
			sourceTree = "<group>";
		};
		942A7A2C25D63F8100CC97F2 /* TamboonTests */ = {
			isa = PBXGroup;
			children = (
				942A7A2F25D63F8100CC97F2 /* Info.plist */,
				94B5E7EB25D838D400663ACA /* CharityTest.swift */,
				94B5E7F025D83A3E00663ACA /* CharityPaymentTest.swift */,
			);
			path = TamboonTests;
			sourceTree = "<group>";
		};
		942A7A3725D63F8100CC97F2 /* TamboonUITests */ = {
			isa = PBXGroup;
			children = (
				942A7A3825D63F8100CC97F2 /* TamboonUITests.swift */,
				942A7A3A25D63F8100CC97F2 /* Info.plist */,
			);
			path = TamboonUITests;
			sourceTree = "<group>";
		};
		942A7A4925D63FC700CC97F2 /* UI */ = {
			isa = PBXGroup;
			children = (
				942A7A1C25D63F7E00CC97F2 /* Main.storyboard */,
				942A7A1F25D63F8100CC97F2 /* Assets.xcassets */,
				942A7A2125D63F8100CC97F2 /* LaunchScreen.storyboard */,
			);
			path = UI;
			sourceTree = "<group>";
		};
		942A7A4A25D63FCD00CC97F2 /* Models */ = {
			isa = PBXGroup;
			children = (
				94E05D2E25D7C8E10093D628 /* CharityPaymentModel.swift */,
				942A7B4C25D695EE00CC97F2 /* CharityModel.swift */,
			);
			path = Models;
			sourceTree = "<group>";
		};
		942A7A4B25D63FD400CC97F2 /* ViewModels */ = {
			isa = PBXGroup;
			children = (
				942A7B4725D6959400CC97F2 /* CharitiesViewModel.swift */,
				94E05CFF25D79BC20093D628 /* CharityPaymentViewModel.swift */,
			);
			path = ViewModels;
			sourceTree = "<group>";
		};
		942A7A4C25D63FE600CC97F2 /* Views */ = {
			isa = PBXGroup;
			children = (
				942A7B8925D69DCC00CC97F2 /* Cell */,
				942A7B4225D6957100CC97F2 /* CharitiesVC.swift */,
				942A7BAD25D6A59600CC97F2 /* CharityPaymentVC.swift */,
				94E05D3625D7D5A10093D628 /* TransactionResultVC.swift */,
			);
			path = Views;
			sourceTree = "<group>";
		};
		942A7A5F25D6412A00CC97F2 /* Helper Classes */ = {
			isa = PBXGroup;
			children = (
				942A7A8725D6412A00CC97F2 /* Font */,
				942A7A6825D6412A00CC97F2 /* Extensions */,
				942A7A6025D6412A00CC97F2 /* Constant.swift */,
				942A7A8225D6412A00CC97F2 /* ServiceManager.swift */,
				942A7A8325D6412A00CC97F2 /* Display+.swift */,
				942A7A8625D6412A00CC97F2 /* Utility.swift */,
				94B5E85725D97CDA00663ACA /* Reachability.swift */,
				942A7A8C25D6412A00CC97F2 /* AppPrefsManager.swift */,
				942A7A8D25D6412A00CC97F2 /* SHSnackBarView */,
			);
			path = "Helper Classes";
			sourceTree = "<group>";
		};
		942A7A6825D6412A00CC97F2 /* Extensions */ = {
			isa = PBXGroup;
			children = (
				942A7A6C25D6412A00CC97F2 /* UITextView+.swift */,
				942A7A6D25D6412A00CC97F2 /* UIView+.swift */,
				942A7A7025D6412A00CC97F2 /* UIVIewController+.swift */,
				942A7A7125D6412A00CC97F2 /* UILabel+.swift */,
				942A7A7225D6412A00CC97F2 /* Encodable+Dictionary.swift */,
				942A7A7325D6412A00CC97F2 /* UIButton+.swift */,
				942A7A7525D6412A00CC97F2 /* UITextField+.swift */,
				942A7A7825D6412A00CC97F2 /* UIColor+.swift */,
			);
			path = Extensions;
			sourceTree = "<group>";
		};
		942A7A8725D6412A00CC97F2 /* Font */ = {
			isa = PBXGroup;
			children = (
				942A7A8825D6412A00CC97F2 /* mesmerize-bd.ttf */,
				942A7A8925D6412A00CC97F2 /* mesmerize-rg.ttf */,
				942A7A8A25D6412A00CC97F2 /* mesmerize-lt.ttf */,
				942A7A8B25D6412A00CC97F2 /* heavy_dock11.otf */,
			);
			path = Font;
			sourceTree = "<group>";
		};
		942A7A8D25D6412A00CC97F2 /* SHSnackBarView */ = {
			isa = PBXGroup;
			children = (
				942A7A8E25D6412A00CC97F2 /* SHSnackBarView.h */,
				942A7A8F25D6412A00CC97F2 /* Info.plist */,
				942A7A9025D6412A00CC97F2 /* SHSnackBarView.swift */,
			);
			path = SHSnackBarView;
			sourceTree = "<group>";
		};
		942A7B8925D69DCC00CC97F2 /* Cell */ = {
			isa = PBXGroup;
			children = (
				942A7B8A25D69DE600CC97F2 /* CharityCell.swift */,
			);
			path = Cell;
			sourceTree = "<group>";
		};
		AD1E4690578768B9F51B6083 /* Frameworks */ = {
			isa = PBXGroup;
			children = (
				80D76190BB56215D44EEB5F5 /* Pods_Tamboon.framework */,
				6F49C5F18FC4D1BE749B3B3B /* Pods_Tamboon_TamboonUITests.framework */,
				ED550D12CFFD2D328D6FE3FF /* Pods_TamboonTests.framework */,
			);
			name = Frameworks;
			sourceTree = "<group>";
		};
/* End PBXGroup section */

/* Begin PBXNativeTarget section */
		942A7A1225D63F7E00CC97F2 /* Tamboon */ = {
			isa = PBXNativeTarget;
			buildConfigurationList = 942A7A3D25D63F8100CC97F2 /* Build configuration list for PBXNativeTarget "Tamboon" */;
			buildPhases = (
				431C5E6B7CCC8D9CD76A0741 /* [CP] Check Pods Manifest.lock */,
				942A7A0F25D63F7E00CC97F2 /* Sources */,
				942A7A1025D63F7E00CC97F2 /* Frameworks */,
				942A7A1125D63F7E00CC97F2 /* Resources */,
				70C4EAEADB8540AE27895DDB /* [CP] Embed Pods Frameworks */,
			);
			buildRules = (
			);
			dependencies = (
			);
			name = Tamboon;
			productName = Tamboon;
			productReference = 942A7A1325D63F7E00CC97F2 /* Tamboon.app */;
			productType = "com.apple.product-type.application";
		};
		942A7A2825D63F8100CC97F2 /* TamboonTests */ = {
			isa = PBXNativeTarget;
			buildConfigurationList = 942A7A4025D63F8100CC97F2 /* Build configuration list for PBXNativeTarget "TamboonTests" */;
			buildPhases = (
				944FC0CA7E8403FEF511427C /* [CP] Check Pods Manifest.lock */,
				942A7A2525D63F8100CC97F2 /* Sources */,
				942A7A2625D63F8100CC97F2 /* Frameworks */,
				942A7A2725D63F8100CC97F2 /* Resources */,
				A02DA45B84FAD55B1BA04B68 /* [CP] Embed Pods Frameworks */,
			);
			buildRules = (
			);
			dependencies = (
				942A7A2B25D63F8100CC97F2 /* PBXTargetDependency */,
			);
			name = TamboonTests;
			productName = TamboonTests;
			productReference = 942A7A2925D63F8100CC97F2 /* TamboonTests.xctest */;
			productType = "com.apple.product-type.bundle.unit-test";
		};
		942A7A3325D63F8100CC97F2 /* TamboonUITests */ = {
			isa = PBXNativeTarget;
			buildConfigurationList = 942A7A4325D63F8100CC97F2 /* Build configuration list for PBXNativeTarget "TamboonUITests" */;
			buildPhases = (
				377BB9C35F89A531B1E215A8 /* [CP] Check Pods Manifest.lock */,
				942A7A3025D63F8100CC97F2 /* Sources */,
				942A7A3125D63F8100CC97F2 /* Frameworks */,
				942A7A3225D63F8100CC97F2 /* Resources */,
				513DBC833E087D78422ED5E2 /* [CP] Embed Pods Frameworks */,
			);
			buildRules = (
			);
			dependencies = (
				942A7A3625D63F8100CC97F2 /* PBXTargetDependency */,
			);
			name = TamboonUITests;
			productName = TamboonUITests;
			productReference = 942A7A3425D63F8100CC97F2 /* TamboonUITests.xctest */;
			productType = "com.apple.product-type.bundle.ui-testing";
		};
/* End PBXNativeTarget section */

/* Begin PBXProject section */
		942A7A0B25D63F7D00CC97F2 /* Project object */ = {
			isa = PBXProject;
			attributes = {
				LastSwiftUpdateCheck = 1210;
				LastUpgradeCheck = 1210;
				TargetAttributes = {
					942A7A1225D63F7E00CC97F2 = {
						CreatedOnToolsVersion = 12.1;
					};
					942A7A2825D63F8100CC97F2 = {
						CreatedOnToolsVersion = 12.1;
						TestTargetID = 942A7A1225D63F7E00CC97F2;
					};
					942A7A3325D63F8100CC97F2 = {
						CreatedOnToolsVersion = 12.1;
						TestTargetID = 942A7A1225D63F7E00CC97F2;
					};
				};
			};
			buildConfigurationList = 942A7A0E25D63F7D00CC97F2 /* Build configuration list for PBXProject "Tamboon" */;
			compatibilityVersion = "Xcode 9.3";
			developmentRegion = en;
			hasScannedForEncodings = 0;
			knownRegions = (
				en,
				Base,
			);
			mainGroup = 942A7A0A25D63F7D00CC97F2;
			productRefGroup = 942A7A1425D63F7E00CC97F2 /* Products */;
			projectDirPath = "";
			projectRoot = "";
			targets = (
				942A7A1225D63F7E00CC97F2 /* Tamboon */,
				942A7A2825D63F8100CC97F2 /* TamboonTests */,
				942A7A3325D63F8100CC97F2 /* TamboonUITests */,
			);
		};
/* End PBXProject section */

/* Begin PBXResourcesBuildPhase section */
		942A7A1125D63F7E00CC97F2 /* Resources */ = {
			isa = PBXResourcesBuildPhase;
			buildActionMask = 2147483647;
			files = (
				942A7A2325D63F8100CC97F2 /* LaunchScreen.storyboard in Resources */,
				942A7AB825D6412B00CC97F2 /* mesmerize-lt.ttf in Resources */,
				942A7AB625D6412B00CC97F2 /* mesmerize-bd.ttf in Resources */,
				942A7A2025D63F8100CC97F2 /* Assets.xcassets in Resources */,
				942A7A1E25D63F7E00CC97F2 /* Main.storyboard in Resources */,
				942A7AB925D6412B00CC97F2 /* heavy_dock11.otf in Resources */,
				942A7AB725D6412B00CC97F2 /* mesmerize-rg.ttf in Resources */,
			);
			runOnlyForDeploymentPostprocessing = 0;
		};
		942A7A2725D63F8100CC97F2 /* Resources */ = {
			isa = PBXResourcesBuildPhase;
			buildActionMask = 2147483647;
			files = (
			);
			runOnlyForDeploymentPostprocessing = 0;
		};
		942A7A3225D63F8100CC97F2 /* Resources */ = {
			isa = PBXResourcesBuildPhase;
			buildActionMask = 2147483647;
			files = (
			);
			runOnlyForDeploymentPostprocessing = 0;
		};
/* End PBXResourcesBuildPhase section */

/* Begin PBXShellScriptBuildPhase section */
		377BB9C35F89A531B1E215A8 /* [CP] Check Pods Manifest.lock */ = {
			isa = PBXShellScriptBuildPhase;
			buildActionMask = 2147483647;
			files = (
			);
			inputFileListPaths = (
			);
			inputPaths = (
				"${PODS_PODFILE_DIR_PATH}/Podfile.lock",
				"${PODS_ROOT}/Manifest.lock",
			);
			name = "[CP] Check Pods Manifest.lock";
			outputFileListPaths = (
			);
			outputPaths = (
				"$(DERIVED_FILE_DIR)/Pods-Tamboon-TamboonUITests-checkManifestLockResult.txt",
			);
			runOnlyForDeploymentPostprocessing = 0;
			shellPath = /bin/sh;
			shellScript = "diff \"${PODS_PODFILE_DIR_PATH}/Podfile.lock\" \"${PODS_ROOT}/Manifest.lock\" > /dev/null\nif [ $? != 0 ] ; then\n    # print error to STDERR\n    echo \"error: The sandbox is not in sync with the Podfile.lock. Run 'pod install' or update your CocoaPods installation.\" >&2\n    exit 1\nfi\n# This output is used by Xcode 'outputs' to avoid re-running this script phase.\necho \"SUCCESS\" > \"${SCRIPT_OUTPUT_FILE_0}\"\n";
			showEnvVarsInLog = 0;
		};
		431C5E6B7CCC8D9CD76A0741 /* [CP] Check Pods Manifest.lock */ = {
			isa = PBXShellScriptBuildPhase;
			buildActionMask = 2147483647;
			files = (
			);
			inputFileListPaths = (
			);
			inputPaths = (
				"${PODS_PODFILE_DIR_PATH}/Podfile.lock",
				"${PODS_ROOT}/Manifest.lock",
			);
			name = "[CP] Check Pods Manifest.lock";
			outputFileListPaths = (
			);
			outputPaths = (
				"$(DERIVED_FILE_DIR)/Pods-Tamboon-checkManifestLockResult.txt",
			);
			runOnlyForDeploymentPostprocessing = 0;
			shellPath = /bin/sh;
			shellScript = "diff \"${PODS_PODFILE_DIR_PATH}/Podfile.lock\" \"${PODS_ROOT}/Manifest.lock\" > /dev/null\nif [ $? != 0 ] ; then\n    # print error to STDERR\n    echo \"error: The sandbox is not in sync with the Podfile.lock. Run 'pod install' or update your CocoaPods installation.\" >&2\n    exit 1\nfi\n# This output is used by Xcode 'outputs' to avoid re-running this script phase.\necho \"SUCCESS\" > \"${SCRIPT_OUTPUT_FILE_0}\"\n";
			showEnvVarsInLog = 0;
		};
		513DBC833E087D78422ED5E2 /* [CP] Embed Pods Frameworks */ = {
			isa = PBXShellScriptBuildPhase;
			buildActionMask = 2147483647;
			files = (
			);
			inputFileListPaths = (
				"${PODS_ROOT}/Target Support Files/Pods-Tamboon-TamboonUITests/Pods-Tamboon-TamboonUITests-frameworks-${CONFIGURATION}-input-files.xcfilelist",
			);
			name = "[CP] Embed Pods Frameworks";
			outputFileListPaths = (
				"${PODS_ROOT}/Target Support Files/Pods-Tamboon-TamboonUITests/Pods-Tamboon-TamboonUITests-frameworks-${CONFIGURATION}-output-files.xcfilelist",
			);
			runOnlyForDeploymentPostprocessing = 0;
			shellPath = /bin/sh;
			shellScript = "\"${PODS_ROOT}/Target Support Files/Pods-Tamboon-TamboonUITests/Pods-Tamboon-TamboonUITests-frameworks.sh\"\n";
			showEnvVarsInLog = 0;
		};
		70C4EAEADB8540AE27895DDB /* [CP] Embed Pods Frameworks */ = {
			isa = PBXShellScriptBuildPhase;
			buildActionMask = 2147483647;
			files = (
			);
			inputFileListPaths = (
				"${PODS_ROOT}/Target Support Files/Pods-Tamboon/Pods-Tamboon-frameworks-${CONFIGURATION}-input-files.xcfilelist",
			);
			name = "[CP] Embed Pods Frameworks";
			outputFileListPaths = (
				"${PODS_ROOT}/Target Support Files/Pods-Tamboon/Pods-Tamboon-frameworks-${CONFIGURATION}-output-files.xcfilelist",
			);
			runOnlyForDeploymentPostprocessing = 0;
			shellPath = /bin/sh;
			shellScript = "\"${PODS_ROOT}/Target Support Files/Pods-Tamboon/Pods-Tamboon-frameworks.sh\"\n";
			showEnvVarsInLog = 0;
		};
		944FC0CA7E8403FEF511427C /* [CP] Check Pods Manifest.lock */ = {
			isa = PBXShellScriptBuildPhase;
			buildActionMask = 2147483647;
			files = (
			);
			inputFileListPaths = (
			);
			inputPaths = (
				"${PODS_PODFILE_DIR_PATH}/Podfile.lock",
				"${PODS_ROOT}/Manifest.lock",
			);
			name = "[CP] Check Pods Manifest.lock";
			outputFileListPaths = (
			);
			outputPaths = (
				"$(DERIVED_FILE_DIR)/Pods-TamboonTests-checkManifestLockResult.txt",
			);
			runOnlyForDeploymentPostprocessing = 0;
			shellPath = /bin/sh;
			shellScript = "diff \"${PODS_PODFILE_DIR_PATH}/Podfile.lock\" \"${PODS_ROOT}/Manifest.lock\" > /dev/null\nif [ $? != 0 ] ; then\n    # print error to STDERR\n    echo \"error: The sandbox is not in sync with the Podfile.lock. Run 'pod install' or update your CocoaPods installation.\" >&2\n    exit 1\nfi\n# This output is used by Xcode 'outputs' to avoid re-running this script phase.\necho \"SUCCESS\" > \"${SCRIPT_OUTPUT_FILE_0}\"\n";
			showEnvVarsInLog = 0;
		};
		A02DA45B84FAD55B1BA04B68 /* [CP] Embed Pods Frameworks */ = {
			isa = PBXShellScriptBuildPhase;
			buildActionMask = 2147483647;
			files = (
			);
			inputFileListPaths = (
				"${PODS_ROOT}/Target Support Files/Pods-TamboonTests/Pods-TamboonTests-frameworks-${CONFIGURATION}-input-files.xcfilelist",
			);
			name = "[CP] Embed Pods Frameworks";
			outputFileListPaths = (
				"${PODS_ROOT}/Target Support Files/Pods-TamboonTests/Pods-TamboonTests-frameworks-${CONFIGURATION}-output-files.xcfilelist",
			);
			runOnlyForDeploymentPostprocessing = 0;
			shellPath = /bin/sh;
			shellScript = "\"${PODS_ROOT}/Target Support Files/Pods-TamboonTests/Pods-TamboonTests-frameworks.sh\"\n";
			showEnvVarsInLog = 0;
		};
/* End PBXShellScriptBuildPhase section */

/* Begin PBXSourcesBuildPhase section */
		942A7A0F25D63F7E00CC97F2 /* Sources */ = {
			isa = PBXSourcesBuildPhase;
			buildActionMask = 2147483647;
			files = (
				942A7AB225D6412B00CC97F2 /* Display+.swift in Sources */,
				942A7ABC25D6412B00CC97F2 /* SHSnackBarView.swift in Sources */,
				942A7AA125D6412B00CC97F2 /* UILabel+.swift in Sources */,
				942A7A1725D63F7E00CC97F2 /* AppDelegate.swift in Sources */,
				942A7A9D25D6412A00CC97F2 /* UIView+.swift in Sources */,
				942A7A1925D63F7E00CC97F2 /* SceneDelegate.swift in Sources */,
				942A7B4825D6959400CC97F2 /* CharitiesViewModel.swift in Sources */,
				942A7AA225D6412B00CC97F2 /* Encodable+Dictionary.swift in Sources */,
				94E05D3725D7D5A10093D628 /* TransactionResultVC.swift in Sources */,
				942A7AB125D6412B00CC97F2 /* ServiceManager.swift in Sources */,
				94E05D2F25D7C8E10093D628 /* CharityPaymentModel.swift in Sources */,
				94B5E85825D97CDA00663ACA /* Reachability.swift in Sources */,
				942A7AB525D6412B00CC97F2 /* Utility.swift in Sources */,
				942A7ABA25D6412B00CC97F2 /* AppPrefsManager.swift in Sources */,
				942A7AA825D6412B00CC97F2 /* UIColor+.swift in Sources */,
				942A7A9225D6412A00CC97F2 /* Constant.swift in Sources */,
				942A7B8B25D69DE600CC97F2 /* CharityCell.swift in Sources */,
				942A7A9C25D6412A00CC97F2 /* UITextView+.swift in Sources */,
				942A7BAE25D6A59600CC97F2 /* CharityPaymentVC.swift in Sources */,
				942A7AA025D6412B00CC97F2 /* UIVIewController+.swift in Sources */,
				942A7B4325D6957100CC97F2 /* CharitiesVC.swift in Sources */,
				942A7AA325D6412B00CC97F2 /* UIButton+.swift in Sources */,
				94E05D0A25D79C670093D628 /* CharityPaymentViewModel.swift in Sources */,
				942A7B4D25D695EE00CC97F2 /* CharityModel.swift in Sources */,
				942A7AA525D6412B00CC97F2 /* UITextField+.swift in Sources */,
			);
			runOnlyForDeploymentPostprocessing = 0;
		};
		942A7A2525D63F8100CC97F2 /* Sources */ = {
			isa = PBXSourcesBuildPhase;
			buildActionMask = 2147483647;
			files = (
				94B5E7EC25D838D400663ACA /* CharityTest.swift in Sources */,
				94B5E7F125D83A3E00663ACA /* CharityPaymentTest.swift in Sources */,
			);
			runOnlyForDeploymentPostprocessing = 0;
		};
		942A7A3025D63F8100CC97F2 /* Sources */ = {
			isa = PBXSourcesBuildPhase;
			buildActionMask = 2147483647;
			files = (
				942A7A3925D63F8100CC97F2 /* TamboonUITests.swift in Sources */,
			);
			runOnlyForDeploymentPostprocessing = 0;
		};
/* End PBXSourcesBuildPhase section */

/* Begin PBXTargetDependency section */
		942A7A2B25D63F8100CC97F2 /* PBXTargetDependency */ = {
			isa = PBXTargetDependency;
			target = 942A7A1225D63F7E00CC97F2 /* Tamboon */;
			targetProxy = 942A7A2A25D63F8100CC97F2 /* PBXContainerItemProxy */;
		};
		942A7A3625D63F8100CC97F2 /* PBXTargetDependency */ = {
			isa = PBXTargetDependency;
			target = 942A7A1225D63F7E00CC97F2 /* Tamboon */;
			targetProxy = 942A7A3525D63F8100CC97F2 /* PBXContainerItemProxy */;
		};
/* End PBXTargetDependency section */

/* Begin PBXVariantGroup section */
		942A7A1C25D63F7E00CC97F2 /* Main.storyboard */ = {
			isa = PBXVariantGroup;
			children = (
				942A7A1D25D63F7E00CC97F2 /* Base */,
			);
			name = Main.storyboard;
			sourceTree = "<group>";
		};
		942A7A2125D63F8100CC97F2 /* LaunchScreen.storyboard */ = {
			isa = PBXVariantGroup;
			children = (
				942A7A2225D63F8100CC97F2 /* Base */,
			);
			name = LaunchScreen.storyboard;
			sourceTree = "<group>";
		};
/* End PBXVariantGroup section */

/* Begin XCBuildConfiguration section */
		942A7A3B25D63F8100CC97F2 /* Debug */ = {
			isa = XCBuildConfiguration;
			buildSettings = {
				ALWAYS_SEARCH_USER_PATHS = NO;
				CLANG_ANALYZER_NONNULL = YES;
				CLANG_ANALYZER_NUMBER_OBJECT_CONVERSION = YES_AGGRESSIVE;
				CLANG_CXX_LANGUAGE_STANDARD = "gnu++14";
				CLANG_CXX_LIBRARY = "libc++";
				CLANG_ENABLE_MODULES = YES;
				CLANG_ENABLE_OBJC_ARC = YES;
				CLANG_ENABLE_OBJC_WEAK = YES;
				CLANG_WARN_BLOCK_CAPTURE_AUTORELEASING = YES;
				CLANG_WARN_BOOL_CONVERSION = YES;
				CLANG_WARN_COMMA = YES;
				CLANG_WARN_CONSTANT_CONVERSION = YES;
				CLANG_WARN_DEPRECATED_OBJC_IMPLEMENTATIONS = YES;
				CLANG_WARN_DIRECT_OBJC_ISA_USAGE = YES_ERROR;
				CLANG_WARN_DOCUMENTATION_COMMENTS = YES;
				CLANG_WARN_EMPTY_BODY = YES;
				CLANG_WARN_ENUM_CONVERSION = YES;
				CLANG_WARN_INFINITE_RECURSION = YES;
				CLANG_WARN_INT_CONVERSION = YES;
				CLANG_WARN_NON_LITERAL_NULL_CONVERSION = YES;
				CLANG_WARN_OBJC_IMPLICIT_RETAIN_SELF = YES;
				CLANG_WARN_OBJC_LITERAL_CONVERSION = YES;
				CLANG_WARN_OBJC_ROOT_CLASS = YES_ERROR;
				CLANG_WARN_QUOTED_INCLUDE_IN_FRAMEWORK_HEADER = YES;
				CLANG_WARN_RANGE_LOOP_ANALYSIS = YES;
				CLANG_WARN_STRICT_PROTOTYPES = YES;
				CLANG_WARN_SUSPICIOUS_MOVE = YES;
				CLANG_WARN_UNGUARDED_AVAILABILITY = YES_AGGRESSIVE;
				CLANG_WARN_UNREACHABLE_CODE = YES;
				CLANG_WARN__DUPLICATE_METHOD_MATCH = YES;
				COPY_PHASE_STRIP = NO;
				DEBUG_INFORMATION_FORMAT = dwarf;
				ENABLE_STRICT_OBJC_MSGSEND = YES;
				ENABLE_TESTABILITY = YES;
				GCC_C_LANGUAGE_STANDARD = gnu11;
				GCC_DYNAMIC_NO_PIC = NO;
				GCC_NO_COMMON_BLOCKS = YES;
				GCC_OPTIMIZATION_LEVEL = 0;
				GCC_PREPROCESSOR_DEFINITIONS = (
					"DEBUG=1",
					"$(inherited)",
				);
				GCC_WARN_64_TO_32_BIT_CONVERSION = YES;
				GCC_WARN_ABOUT_RETURN_TYPE = YES_ERROR;
				GCC_WARN_UNDECLARED_SELECTOR = YES;
				GCC_WARN_UNINITIALIZED_AUTOS = YES_AGGRESSIVE;
				GCC_WARN_UNUSED_FUNCTION = YES;
				GCC_WARN_UNUSED_VARIABLE = YES;
				IPHONEOS_DEPLOYMENT_TARGET = 14.1;
				MTL_ENABLE_DEBUG_INFO = INCLUDE_SOURCE;
				MTL_FAST_MATH = YES;
				ONLY_ACTIVE_ARCH = YES;
				SDKROOT = iphoneos;
				SWIFT_ACTIVE_COMPILATION_CONDITIONS = DEBUG;
				SWIFT_OPTIMIZATION_LEVEL = "-Onone";
			};
			name = Debug;
		};
		942A7A3C25D63F8100CC97F2 /* Release */ = {
			isa = XCBuildConfiguration;
			buildSettings = {
				ALWAYS_SEARCH_USER_PATHS = NO;
				CLANG_ANALYZER_NONNULL = YES;
				CLANG_ANALYZER_NUMBER_OBJECT_CONVERSION = YES_AGGRESSIVE;
				CLANG_CXX_LANGUAGE_STANDARD = "gnu++14";
				CLANG_CXX_LIBRARY = "libc++";
				CLANG_ENABLE_MODULES = YES;
				CLANG_ENABLE_OBJC_ARC = YES;
				CLANG_ENABLE_OBJC_WEAK = YES;
				CLANG_WARN_BLOCK_CAPTURE_AUTORELEASING = YES;
				CLANG_WARN_BOOL_CONVERSION = YES;
				CLANG_WARN_COMMA = YES;
				CLANG_WARN_CONSTANT_CONVERSION = YES;
				CLANG_WARN_DEPRECATED_OBJC_IMPLEMENTATIONS = YES;
				CLANG_WARN_DIRECT_OBJC_ISA_USAGE = YES_ERROR;
				CLANG_WARN_DOCUMENTATION_COMMENTS = YES;
				CLANG_WARN_EMPTY_BODY = YES;
				CLANG_WARN_ENUM_CONVERSION = YES;
				CLANG_WARN_INFINITE_RECURSION = YES;
				CLANG_WARN_INT_CONVERSION = YES;
				CLANG_WARN_NON_LITERAL_NULL_CONVERSION = YES;
				CLANG_WARN_OBJC_IMPLICIT_RETAIN_SELF = YES;
				CLANG_WARN_OBJC_LITERAL_CONVERSION = YES;
				CLANG_WARN_OBJC_ROOT_CLASS = YES_ERROR;
				CLANG_WARN_QUOTED_INCLUDE_IN_FRAMEWORK_HEADER = YES;
				CLANG_WARN_RANGE_LOOP_ANALYSIS = YES;
				CLANG_WARN_STRICT_PROTOTYPES = YES;
				CLANG_WARN_SUSPICIOUS_MOVE = YES;
				CLANG_WARN_UNGUARDED_AVAILABILITY = YES_AGGRESSIVE;
				CLANG_WARN_UNREACHABLE_CODE = YES;
				CLANG_WARN__DUPLICATE_METHOD_MATCH = YES;
				COPY_PHASE_STRIP = NO;
				DEBUG_INFORMATION_FORMAT = "dwarf-with-dsym";
				ENABLE_NS_ASSERTIONS = NO;
				ENABLE_STRICT_OBJC_MSGSEND = YES;
				GCC_C_LANGUAGE_STANDARD = gnu11;
				GCC_NO_COMMON_BLOCKS = YES;
				GCC_WARN_64_TO_32_BIT_CONVERSION = YES;
				GCC_WARN_ABOUT_RETURN_TYPE = YES_ERROR;
				GCC_WARN_UNDECLARED_SELECTOR = YES;
				GCC_WARN_UNINITIALIZED_AUTOS = YES_AGGRESSIVE;
				GCC_WARN_UNUSED_FUNCTION = YES;
				GCC_WARN_UNUSED_VARIABLE = YES;
				IPHONEOS_DEPLOYMENT_TARGET = 14.1;
				MTL_ENABLE_DEBUG_INFO = NO;
				MTL_FAST_MATH = YES;
				SDKROOT = iphoneos;
				SWIFT_COMPILATION_MODE = wholemodule;
				SWIFT_OPTIMIZATION_LEVEL = "-O";
				VALIDATE_PRODUCT = YES;
			};
			name = Release;
		};
		942A7A3E25D63F8100CC97F2 /* Debug */ = {
			isa = XCBuildConfiguration;
			baseConfigurationReference = EE192224033E9F263E57BD0C /* Pods-Tamboon.debug.xcconfig */;
			buildSettings = {
				ASSETCATALOG_COMPILER_APPICON_NAME = AppIcon;
				ASSETCATALOG_COMPILER_GLOBAL_ACCENT_COLOR_NAME = AccentColor;
				CODE_SIGN_STYLE = Automatic;
				DEVELOPMENT_TEAM = BZJSCGT45G;
				INFOPLIST_FILE = Tamboon/Info.plist;
				LD_RUNPATH_SEARCH_PATHS = (
					"$(inherited)",
					"@executable_path/Frameworks",
				);
				PRODUCT_BUNDLE_IDENTIFIER = com.denny.Tamboon;
				PRODUCT_NAME = "$(TARGET_NAME)";
				SWIFT_VERSION = 5.0;
				TARGETED_DEVICE_FAMILY = "1,2";
			};
			name = Debug;
		};
		942A7A3F25D63F8100CC97F2 /* Release */ = {
			isa = XCBuildConfiguration;
			baseConfigurationReference = 0CD3CDD26C692095FCC5F452 /* Pods-Tamboon.release.xcconfig */;
			buildSettings = {
				ASSETCATALOG_COMPILER_APPICON_NAME = AppIcon;
				ASSETCATALOG_COMPILER_GLOBAL_ACCENT_COLOR_NAME = AccentColor;
				CODE_SIGN_STYLE = Automatic;
				DEVELOPMENT_TEAM = BZJSCGT45G;
				INFOPLIST_FILE = Tamboon/Info.plist;
				LD_RUNPATH_SEARCH_PATHS = (
					"$(inherited)",
					"@executable_path/Frameworks",
				);
				PRODUCT_BUNDLE_IDENTIFIER = com.denny.Tamboon;
				PRODUCT_NAME = "$(TARGET_NAME)";
				SWIFT_VERSION = 5.0;
				TARGETED_DEVICE_FAMILY = "1,2";
			};
			name = Release;
		};
		942A7A4125D63F8100CC97F2 /* Debug */ = {
			isa = XCBuildConfiguration;
			baseConfigurationReference = 912DD76BD1151AE838B48E6F /* Pods-TamboonTests.debug.xcconfig */;
			buildSettings = {
				ALWAYS_EMBED_SWIFT_STANDARD_LIBRARIES = YES;
				BUNDLE_LOADER = "$(TEST_HOST)";
				CODE_SIGN_STYLE = Automatic;
				INFOPLIST_FILE = TamboonTests/Info.plist;
				IPHONEOS_DEPLOYMENT_TARGET = 14.1;
				LD_RUNPATH_SEARCH_PATHS = (
					"$(inherited)",
					"@executable_path/Frameworks",
					"@loader_path/Frameworks",
				);
				PRODUCT_BUNDLE_IDENTIFIER = com.denny.TamboonTests;
				PRODUCT_NAME = "$(TARGET_NAME)";
				SWIFT_VERSION = 5.0;
				TARGETED_DEVICE_FAMILY = "1,2";
				TEST_HOST = "$(BUILT_PRODUCTS_DIR)/Tamboon.app/Tamboon";
			};
			name = Debug;
		};
		942A7A4225D63F8100CC97F2 /* Release */ = {
			isa = XCBuildConfiguration;
			baseConfigurationReference = 056CBEB0012DE66F03ED642B /* Pods-TamboonTests.release.xcconfig */;
			buildSettings = {
				ALWAYS_EMBED_SWIFT_STANDARD_LIBRARIES = YES;
				BUNDLE_LOADER = "$(TEST_HOST)";
				CODE_SIGN_STYLE = Automatic;
				INFOPLIST_FILE = TamboonTests/Info.plist;
				IPHONEOS_DEPLOYMENT_TARGET = 14.1;
				LD_RUNPATH_SEARCH_PATHS = (
					"$(inherited)",
					"@executable_path/Frameworks",
					"@loader_path/Frameworks",
				);
				PRODUCT_BUNDLE_IDENTIFIER = com.denny.TamboonTests;
				PRODUCT_NAME = "$(TARGET_NAME)";
				SWIFT_VERSION = 5.0;
				TARGETED_DEVICE_FAMILY = "1,2";
				TEST_HOST = "$(BUILT_PRODUCTS_DIR)/Tamboon.app/Tamboon";
			};
			name = Release;
		};
		942A7A4425D63F8100CC97F2 /* Debug */ = {
			isa = XCBuildConfiguration;
			baseConfigurationReference = 9E94BB505C18043A9DEF8096 /* Pods-Tamboon-TamboonUITests.debug.xcconfig */;
			buildSettings = {
				ALWAYS_EMBED_SWIFT_STANDARD_LIBRARIES = YES;
				CODE_SIGN_STYLE = Automatic;
				INFOPLIST_FILE = TamboonUITests/Info.plist;
				LD_RUNPATH_SEARCH_PATHS = (
					"$(inherited)",
					"@executable_path/Frameworks",
					"@loader_path/Frameworks",
				);
				PRODUCT_BUNDLE_IDENTIFIER = com.denny.TamboonUITests;
				PRODUCT_NAME = "$(TARGET_NAME)";
				SWIFT_VERSION = 5.0;
				TARGETED_DEVICE_FAMILY = "1,2";
				TEST_TARGET_NAME = Tamboon;
			};
			name = Debug;
		};
		942A7A4525D63F8100CC97F2 /* Release */ = {
			isa = XCBuildConfiguration;
			baseConfigurationReference = 61C4E7B67993E4CAB9067568 /* Pods-Tamboon-TamboonUITests.release.xcconfig */;
			buildSettings = {
				ALWAYS_EMBED_SWIFT_STANDARD_LIBRARIES = YES;
				CODE_SIGN_STYLE = Automatic;
				INFOPLIST_FILE = TamboonUITests/Info.plist;
				LD_RUNPATH_SEARCH_PATHS = (
					"$(inherited)",
					"@executable_path/Frameworks",
					"@loader_path/Frameworks",
				);
				PRODUCT_BUNDLE_IDENTIFIER = com.denny.TamboonUITests;
				PRODUCT_NAME = "$(TARGET_NAME)";
				SWIFT_VERSION = 5.0;
				TARGETED_DEVICE_FAMILY = "1,2";
				TEST_TARGET_NAME = Tamboon;
			};
			name = Release;
		};
/* End XCBuildConfiguration section */

/* Begin XCConfigurationList section */
		942A7A0E25D63F7D00CC97F2 /* Build configuration list for PBXProject "Tamboon" */ = {
			isa = XCConfigurationList;
			buildConfigurations = (
				942A7A3B25D63F8100CC97F2 /* Debug */,
				942A7A3C25D63F8100CC97F2 /* Release */,
			);
			defaultConfigurationIsVisible = 0;
			defaultConfigurationName = Release;
		};
		942A7A3D25D63F8100CC97F2 /* Build configuration list for PBXNativeTarget "Tamboon" */ = {
			isa = XCConfigurationList;
			buildConfigurations = (
				942A7A3E25D63F8100CC97F2 /* Debug */,
				942A7A3F25D63F8100CC97F2 /* Release */,
			);
			defaultConfigurationIsVisible = 0;
			defaultConfigurationName = Release;
		};
		942A7A4025D63F8100CC97F2 /* Build configuration list for PBXNativeTarget "TamboonTests" */ = {
			isa = XCConfigurationList;
			buildConfigurations = (
				942A7A4125D63F8100CC97F2 /* Debug */,
				942A7A4225D63F8100CC97F2 /* Release */,
			);
			defaultConfigurationIsVisible = 0;
			defaultConfigurationName = Release;
		};
		942A7A4325D63F8100CC97F2 /* Build configuration list for PBXNativeTarget "TamboonUITests" */ = {
			isa = XCConfigurationList;
			buildConfigurations = (
				942A7A4425D63F8100CC97F2 /* Debug */,
				942A7A4525D63F8100CC97F2 /* Release */,
			);
			defaultConfigurationIsVisible = 0;
			defaultConfigurationName = Release;
		};
/* End XCConfigurationList section */
	};
	rootObject = 942A7A0B25D63F7D00CC97F2 /* Project object */;
}
